# Generated by buf. DO NOT EDIT.
version: v2
deps:
  - name: buf.build/bufbuild/protovalidate
    commit: 511051f7f4374c3ca873b53ae68a9288
    digest: b5:a4a2d4d808a25984cced60769c822c5d496ef0b740f56ac0c9e6b97aaa25b86a9332a00ffd74e0cd202be29e91bd3edfb0bf2ba4dacfe48ff2d8217f9986e3c8
  - name: buf.build/googleapis/googleapis
    commit: c17df5b2beca46928cc87d5656bd5343
    digest: b5:648a01e0170d4512dea7d564016165decd1ed6e34bef79fe54753e51ad7e27545709ad9157d7551270147d551155c595a2fb0bf5bb33b1c83040ddbce915c604
  - name: buf.build/grpc-ecosystem/grpc-gateway
    commit: da388df5b314402e9dc929362dbbc4b4
    digest: b5:c1dca5dbd31955cc4fe9d791958b3dc8b9152ca7c965935caa80da6024beb3678623dfd9cf9d4611daaf2dcd1c9b259f435320c0d080d45a1273043f66374bc3
  - name: buf.build/opentelemetry/opentelemetry
    commit: 41ecbd638b414ccd893b285e3f587991
    digest: b5:39976f28b39ef7949e9cdc3dd2dde118dd46890c9ba81342b38cfafbc5cbfdd938375e8913b6c73259ccf07920c3e366e944dfb9b346ef36441e437fb7823109
