{
  "originHash" : "fbd11b02346b9843d0d13e4614fb33a66ee0e7f4d5201189031612357c5ae686",
  "pins" : [
    {
      "identity" : "capacitor-swift-pm",
      "kind" : "remoteSourceControl",
      "location" : "https://github.com/ionic-team/capacitor-swift-pm.git",
      "state" : {
        "revision" : "f1a8fadf1437c23b825c818fb6509c9dbbae2f61",
        "version" : "8.3.1"
      }
    },
    {
      "identity" : "osbarcodelib-ios",
      "kind" : "remoteSourceControl",
      "location" : "https://github.com/OutSystems/OSBarcodeLib-iOS.git",
      "state" : {
        "revision" : "1ae7a716331be720f9f1075ef033276014c341ec",
        "version" : "2.1.1"
      }
    }
  ],
  "version" : 3
}
